
Microsoft Visual Studio Solution File, Format Version 12.00
# Visual Studio 15
VisualStudioVersion = 15.0.28307.271
MinimumVisualStudioVersion = 10.0.40219.1
Project("{8BC9CEB8-8B4A-11D0-8D11-00A0C91BC942}") = "NumberDetector", "NumberDetector\NumberDetector.vcxproj", "{336C02F6-78F6-4268-AA0B-C1B27C5110B0}"
EndProject
Global
	GlobalSection(SolutionConfigurationPlatforms) = preSolution
		Debug|x64 = Debug|x64
		Debug|x86 = Debug|x86
		Release|x64 = Release|x64
		Release|x86 = Release|x86
	EndGlobalSection
	GlobalSection(ProjectConfigurationPlatforms) = postSolution
		{336C02F6-78F6-4268-AA0B-C1B27C5110B0}.Debug|x64.ActiveCfg = Debug|x64
		{336C02F6-78F6-4268-AA0B-C1B27C5110B0}.Debug|x64.Build.0 = Debug|x64
		{336C02F6-78F6-4268-AA0B-C1B27C5110B0}.Debug|x86.ActiveCfg = Debug|Win32
		{336C02F6-78F6-4268-AA0B-C1B27C5110B0}.Debug|x86.Build.0 = Debug|Win32
		{336C02F6-78F6-4268-AA0B-C1B27C5110B0}.Release|x64.ActiveCfg = Release|x64
		{336C02F6-78F6-4268-AA0B-C1B27C5110B0}.Release|x64.Build.0 = Release|x64
		{336C02F6-78F6-4268-AA0B-C1B27C5110B0}.Release|x86.ActiveCfg = Release|Win32
		{336C02F6-78F6-4268-AA0B-C1B27C5110B0}.Release|x86.Build.0 = Release|Win32
	EndGlobalSection
	GlobalSection(SolutionProperties) = preSolution
		HideSolutionNode = FALSE
	EndGlobalSection
	GlobalSection(ExtensibilityGlobals) = postSolution
		SolutionGuid = {25511139-90E5-4FD6-8181-D99EA504384C}
	EndGlobalSection
EndGlobal
